
Microsoft Visual Studio Solution File, Format Version 12.00
# Visual Studio Version 17
VisualStudioVersion = 17.9.34728.123
MinimumVisualStudioVersion = 10.0.40219.1
Project("{FAE04EC0-301F-11D3-BF4B-00C04F79EFBC}") = "tcc_fita", "tcc_fita\tcc_fita.csproj", "{11F340FF-FD35-4E92-9C00-EE5090A9E733}"
EndProject
Global
	GlobalSection(SolutionConfigurationPlatforms) = preSolution
		Debug|Any CPU = Debug|Any CPU
		Release|Any CPU = Release|Any CPU
	EndGlobalSection
	GlobalSection(ProjectConfigurationPlatforms) = postSolution
		{11F340FF-FD35-4E92-9C00-EE5090A9E733}.Debug|Any CPU.ActiveCfg = Debug|Any CPU
		{11F340FF-FD35-4E92-9C00-EE5090A9E733}.Debug|Any CPU.Build.0 = Debug|Any CPU
		{11F340FF-FD35-4E92-9C00-EE5090A9E733}.Release|Any CPU.ActiveCfg = Release|Any CPU
		{11F340FF-FD35-4E92-9C00-EE5090A9E733}.Release|Any CPU.Build.0 = Release|Any CPU
	EndGlobalSection
	GlobalSection(SolutionProperties) = preSolution
		HideSolutionNode = FALSE
	EndGlobalSection
	GlobalSection(ExtensibilityGlobals) = postSolution
		SolutionGuid = {CC69F2D7-4A90-4F09-A7C4-D507D2C6F2DD}
	EndGlobalSection
EndGlobal
